
Microsoft Visual Studio Solution File, Format Version 12.00
# Visual Studio 14
VisualStudioVersion = 14.0.24720.0
MinimumVisualStudioVersion = 10.0.40219.1
Project("{FAE04EC0-301F-11D3-BF4B-00C04F79EFBC}") = "SentimentAnalysis.SentimentModule", "SentimentAnalysis.SentimentModule\SentimentAnalysis.SentimentModule.csproj", "{472496B1-45B2-40DD-9619-5BB2F29CD0F8}"
EndProject
Project("{FAE04EC0-301F-11D3-BF4B-00C04F79EFBC}") = "SentimentAnalysis.VisualisationModule", "SentimentAnalysis.VisualisationModule\SentimentAnalysis.VisualisationModule.csproj", "{8968F31B-3B8C-49CC-8154-9CF390B29F9C}"
EndProject
Global
	GlobalSection(SolutionConfigurationPlatforms) = preSolution
		Debug|Any CPU = Debug|Any CPU
		Release|Any CPU = Release|Any CPU
	EndGlobalSection
	GlobalSection(ProjectConfigurationPlatforms) = postSolution
		{472496B1-45B2-40DD-9619-5BB2F29CD0F8}.Debug|Any CPU.ActiveCfg = Debug|Any CPU
		{472496B1-45B2-40DD-9619-5BB2F29CD0F8}.Debug|Any CPU.Build.0 = Debug|Any CPU
		{472496B1-45B2-40DD-9619-5BB2F29CD0F8}.Release|Any CPU.ActiveCfg = Release|Any CPU
		{472496B1-45B2-40DD-9619-5BB2F29CD0F8}.Release|Any CPU.Build.0 = Release|Any CPU
		{8968F31B-3B8C-49CC-8154-9CF390B29F9C}.Debug|Any CPU.ActiveCfg = Debug|Any CPU
		{8968F31B-3B8C-49CC-8154-9CF390B29F9C}.Debug|Any CPU.Build.0 = Debug|Any CPU
		{8968F31B-3B8C-49CC-8154-9CF390B29F9C}.Release|Any CPU.ActiveCfg = Release|Any CPU
		{8968F31B-3B8C-49CC-8154-9CF390B29F9C}.Release|Any CPU.Build.0 = Release|Any CPU
	EndGlobalSection
	GlobalSection(SolutionProperties) = preSolution
		HideSolutionNode = FALSE
	EndGlobalSection
EndGlobal
